
Microsoft Visual Studio Solution File, Format Version 9.00
# Visual Studio 2005
# SharpDevelop 2.2.1.2648
Project("{FAE04EC0-301F-11D3-BF4B-00C04F79EFBC}") = "Sius", "Sius.csproj", "{505E8CBD-787F-4E07-96D7-EB32A846B957}"
EndProject
Global
	GlobalSection(SolutionConfigurationPlatforms) = preSolution
		Debug|Any CPU = Debug|Any CPU
		Release|Any CPU = Release|Any CPU
	EndGlobalSection
	GlobalSection(ProjectConfigurationPlatforms) = postSolution
		{505E8CBD-787F-4E07-96D7-EB32A846B957}.Debug|Any CPU.Build.0 = Debug|Any CPU
		{505E8CBD-787F-4E07-96D7-EB32A846B957}.Debug|Any CPU.ActiveCfg = Debug|Any CPU
		{505E8CBD-787F-4E07-96D7-EB32A846B957}.Release|Any CPU.Build.0 = Release|Any CPU
		{505E8CBD-787F-4E07-96D7-EB32A846B957}.Release|Any CPU.ActiveCfg = Release|Any CPU
	EndGlobalSection
EndGlobal
